
Microsoft Visual Studio Solution File, Format Version 12.00
# Visual Studio Version 17
VisualStudioVersion = 17.8.34525.116
MinimumVisualStudioVersion = 10.0.40219.1
Project("{FAE04EC0-301F-11D3-BF4B-00C04F79EFBC}") = "Week14OP", "Week14OP\Week14OP.csproj", "{C054A159-6657-439C-80C5-543943A33F95}"
EndProject
Global
	GlobalSection(SolutionConfigurationPlatforms) = preSolution
		Debug|Any CPU = Debug|Any CPU
		Release|Any CPU = Release|Any CPU
	EndGlobalSection
	GlobalSection(ProjectConfigurationPlatforms) = postSolution
		{C054A159-6657-439C-80C5-543943A33F95}.Debug|Any CPU.ActiveCfg = Debug|Any CPU
		{C054A159-6657-439C-80C5-543943A33F95}.Debug|Any CPU.Build.0 = Debug|Any CPU
		{C054A159-6657-439C-80C5-543943A33F95}.Release|Any CPU.ActiveCfg = Release|Any CPU
		{C054A159-6657-439C-80C5-543943A33F95}.Release|Any CPU.Build.0 = Release|Any CPU
	EndGlobalSection
	GlobalSection(SolutionProperties) = preSolution
		HideSolutionNode = FALSE
	EndGlobalSection
	GlobalSection(ExtensibilityGlobals) = postSolution
		SolutionGuid = {FACBA475-CBDC-4F10-A769-BCB7887A8AC1}
	EndGlobalSection
EndGlobal
